
Microsoft Visual Studio Solution File, Format Version 12.00
# Visual Studio Version 17
VisualStudioVersion = 17.1.32421.90
MinimumVisualStudioVersion = 10.0.40219.1
Project("{FAE04EC0-301F-11D3-BF4B-00C04F79EFBC}") = "Scyphozoa", "Scyphozoa\Scyphozoa.csproj", "{4F7B0FEA-5BCD-4242-BD2F-C7163ADA534D}"
EndProject
Global
	GlobalSection(SolutionConfigurationPlatforms) = preSolution
		Debug|Any CPU = Debug|Any CPU
		Release|Any CPU = Release|Any CPU
	EndGlobalSection
	GlobalSection(ProjectConfigurationPlatforms) = postSolution
		{4F7B0FEA-5BCD-4242-BD2F-C7163ADA534D}.Debug|Any CPU.ActiveCfg = Debug|Any CPU
		{4F7B0FEA-5BCD-4242-BD2F-C7163ADA534D}.Debug|Any CPU.Build.0 = Debug|Any CPU
		{4F7B0FEA-5BCD-4242-BD2F-C7163ADA534D}.Release|Any CPU.ActiveCfg = Release|Any CPU
		{4F7B0FEA-5BCD-4242-BD2F-C7163ADA534D}.Release|Any CPU.Build.0 = Release|Any CPU
	EndGlobalSection
	GlobalSection(SolutionProperties) = preSolution
		HideSolutionNode = FALSE
	EndGlobalSection
	GlobalSection(ExtensibilityGlobals) = postSolution
		SolutionGuid = {A6003FC7-6BB8-475C-91F5-D74F112D06F0}
	EndGlobalSection
EndGlobal
